
Microsoft Visual Studio Solution File, Format Version 12.00
# Visual Studio Version 17
VisualStudioVersion = 17.2.32602.215
MinimumVisualStudioVersion = 10.0.40219.1
Project("{FAE04EC0-301F-11D3-BF4B-00C04F79EFBC}") = "LaravelQueueService", "LaravelQueueService\LaravelQueueService.csproj", "{0CEED632-8D4E-4924-AE23-C51CA1314FFF}"
EndProject
Global
	GlobalSection(SolutionConfigurationPlatforms) = preSolution
		Debug|Any CPU = Debug|Any CPU
		Release|Any CPU = Release|Any CPU
	EndGlobalSection
	GlobalSection(ProjectConfigurationPlatforms) = postSolution
		{0CEED632-8D4E-4924-AE23-C51CA1314FFF}.Debug|Any CPU.ActiveCfg = Debug|Any CPU
		{0CEED632-8D4E-4924-AE23-C51CA1314FFF}.Debug|Any CPU.Build.0 = Debug|Any CPU
		{0CEED632-8D4E-4924-AE23-C51CA1314FFF}.Release|Any CPU.ActiveCfg = Release|Any CPU
		{0CEED632-8D4E-4924-AE23-C51CA1314FFF}.Release|Any CPU.Build.0 = Release|Any CPU
	EndGlobalSection
	GlobalSection(SolutionProperties) = preSolution
		HideSolutionNode = FALSE
	EndGlobalSection
	GlobalSection(ExtensibilityGlobals) = postSolution
		SolutionGuid = {6749150E-7FF3-40EC-875A-FD4BCC3AA9D9}
	EndGlobalSection
EndGlobal
